# THIS IS AN AUTOGENERATED FILE. DO NOT EDIT THIS FILE DIRECTLY.
# yarn lockfile v1


mvdan-sh@^0.5.0:
  version "0.5.0"
  resolved "https://registry.yarnpkg.com/mvdan-sh/-/mvdan-sh-0.5.0.tgz#fa76f611a103595ad0f04f5d18e582892c46e87c"
  integrity sha512-UWbdl4LHd2fUnaEcOUFVWRdWGLkNoV12cKVIPiirYd8qM5VkCoCTXErlDubevrkEG7kGohvjRxAlTQmOqG80tw==

prettier-plugin-sh@^0.8.1:
  version "0.8.1"
  resolved "https://registry.yarnpkg.com/prettier-plugin-sh/-/prettier-plugin-sh-0.8.1.tgz#50698d95f2006c1b3eae570d430c3c1c05a31327"
  integrity sha512-tz0g6y+ZaJF0PWaa1F7vhCv4nLgYYl2zYzYU4XJFD1McoY0oHI+l2osvXqv1s5yQdtjdlzKszN6VY7WTaw2Gqw==
  dependencies:
    mvdan-sh "^0.5.0"

prettier@^2.5.0:
  version "2.5.0"
  resolved "https://registry.yarnpkg.com/prettier/-/prettier-2.5.0.tgz#a6370e2d4594e093270419d9cc47f7670488f893"
  integrity sha512-FM/zAKgWTxj40rH03VxzIPdXmj39SwSjwG0heUcNFwI+EMZJnY93yAiKXM3dObIKAM5TA88werc8T/EwhB45eg==
